
Microsoft Visual Studio Solution File, Format Version 12.00
# Visual Studio Version 17
VisualStudioVersion = 17.9.34607.119
MinimumVisualStudioVersion = 10.0.40219.1
Project("{888888A0-9F3D-457C-B088-3A5042F75D52}") = "UAVflight_ErrorAnalysis", "UAVflight_ErrorAnalysis.pyproj", "{1E6CBFA3-4763-42E9-9E16-6A42F2DAFED8}"
EndProject
Global
	GlobalSection(SolutionConfigurationPlatforms) = preSolution
		Debug|Any CPU = Debug|Any CPU
		Release|Any CPU = Release|Any CPU
	EndGlobalSection
	GlobalSection(ProjectConfigurationPlatforms) = postSolution
		{1E6CBFA3-4763-42E9-9E16-6A42F2DAFED8}.Debug|Any CPU.ActiveCfg = Debug|Any CPU
		{1E6CBFA3-4763-42E9-9E16-6A42F2DAFED8}.Release|Any CPU.ActiveCfg = Release|Any CPU
	EndGlobalSection
	GlobalSection(SolutionProperties) = preSolution
		HideSolutionNode = FALSE
	EndGlobalSection
	GlobalSection(ExtensibilityGlobals) = postSolution
		SolutionGuid = {35005AE1-76C8-4C28-8ACB-7C597046AE03}
	EndGlobalSection
EndGlobal
